// !$*UTF8*$!
{
	archiveVersion = 1;
	classes = {
	};
	objectVersion = 77;
	objects = {

/* Begin PBXBuildFile section */
		5EB6EAF32D3A6017005705F1 /* CombineMoya in Frameworks */ = {isa = PBXBuildFile; productRef = 5EB6EAF22D3A6017005705F1 /* CombineMoya */; };
		5EB6EAF52D3A6017005705F1 /* Moya in Frameworks */ = {isa = PBXBuildFile; productRef = 5EB6EAF42D3A6017005705F1 /* Moya */; };
		5EB6EAF72D3A6017005705F1 /* ReactiveMoya in Frameworks */ = {isa = PBXBuildFile; productRef = 5EB6EAF62D3A6017005705F1 /* ReactiveMoya */; };
		5EB6EAF92D3A6017005705F1 /* RxMoya in Frameworks */ = {isa = PBXBuildFile; productRef = 5EB6EAF82D3A6017005705F1 /* RxMoya */; };
/* End PBXBuildFile section */

/* Begin PBXFileReference section */
		18C75F452D32442B009E4590 /* WeatherStore.app */ = {isa = PBXFileReference; explicitFileType = wrapper.application; includeInIndex = 0; path = WeatherStore.app; sourceTree = BUILT_PRODUCTS_DIR; };
/* End PBXFileReference section */

/* Begin PBXFileSystemSynchronizedBuildFileExceptionSet section */
		18C75F572D32442E009E4590 /* Exceptions for "WeatherStore" folder in "WeatherStore" target */ = {
			isa = PBXFileSystemSynchronizedBuildFileExceptionSet;
			membershipExceptions = (
				Info.plist,
			);
			target = 18C75F442D32442B009E4590 /* WeatherStore */;
		};
/* End PBXFileSystemSynchronizedBuildFileExceptionSet section */

/* Begin PBXFileSystemSynchronizedRootGroup section */
		18C75F472D32442B009E4590 /* WeatherStore */ = {
			isa = PBXFileSystemSynchronizedRootGroup;
			exceptions = (
				18C75F572D32442E009E4590 /* Exceptions for "WeatherStore" folder in "WeatherStore" target */,
			);
			path = WeatherStore;
			sourceTree = "<group>";
		};
		5E2760422D3BAEEF00A1C17A /* UI */ = {
			isa = PBXFileSystemSynchronizedRootGroup;
			path = UI;
			sourceTree = "<group>";
		};
		5EB6EA442D38BE48005705F1 /* ViewControllers */ = {
			isa = PBXFileSystemSynchronizedRootGroup;
			path = ViewControllers;
			sourceTree = "<group>";
		};
		5EB6EA462D38BE8B005705F1 /* Models */ = {
			isa = PBXFileSystemSynchronizedRootGroup;
			path = Models;
			sourceTree = "<group>";
		};
		5EB6EA472D38BEA4005705F1 /* Managers */ = {
			isa = PBXFileSystemSynchronizedRootGroup;
			path = Managers;
			sourceTree = "<group>";
		};
		5EB6EA582D38F537005705F1 /* NetworkManager */ = {
			isa = PBXFileSystemSynchronizedRootGroup;
			path = NetworkManager;
			sourceTree = "<group>";
		};
		5EB6EAFA2D3A633F005705F1 /* Screens */ = {
			isa = PBXFileSystemSynchronizedRootGroup;
			path = Screens;
			sourceTree = "<group>";
		};
/* End PBXFileSystemSynchronizedRootGroup section */

/* Begin PBXFrameworksBuildPhase section */
		18C75F422D32442B009E4590 /* Frameworks */ = {
			isa = PBXFrameworksBuildPhase;
			buildActionMask = 2147483647;
			files = (
				5EB6EAF52D3A6017005705F1 /* Moya in Frameworks */,
				5EB6EAF32D3A6017005705F1 /* CombineMoya in Frameworks */,
				5EB6EAF92D3A6017005705F1 /* RxMoya in Frameworks */,
				5EB6EAF72D3A6017005705F1 /* ReactiveMoya in Frameworks */,
			);
			runOnlyForDeploymentPostprocessing = 0;
		};
/* End PBXFrameworksBuildPhase section */

/* Begin PBXGroup section */
		18C75F3C2D32442B009E4590 = {
			isa = PBXGroup;
			children = (
				5E2760422D3BAEEF00A1C17A /* UI */,
				5EB6EAFA2D3A633F005705F1 /* Screens */,
				5EB6EA582D38F537005705F1 /* NetworkManager */,
				5EB6EA472D38BEA4005705F1 /* Managers */,
				5EB6EA462D38BE8B005705F1 /* Models */,
				5EB6EA442D38BE48005705F1 /* ViewControllers */,
				18C75F472D32442B009E4590 /* WeatherStore */,
				18C75F462D32442B009E4590 /* Products */,
			);
			sourceTree = "<group>";
		};
		18C75F462D32442B009E4590 /* Products */ = {
			isa = PBXGroup;
			children = (
				18C75F452D32442B009E4590 /* WeatherStore.app */,
			);
			name = Products;
			sourceTree = "<group>";
		};
/* End PBXGroup section */

/* Begin PBXNativeTarget section */
		18C75F442D32442B009E4590 /* WeatherStore */ = {
			isa = PBXNativeTarget;
			buildConfigurationList = 18C75F582D32442E009E4590 /* Build configuration list for PBXNativeTarget "WeatherStore" */;
			buildPhases = (
				18C75F412D32442B009E4590 /* Sources */,
				18C75F422D32442B009E4590 /* Frameworks */,
				18C75F432D32442B009E4590 /* Resources */,
			);
			buildRules = (
			);
			dependencies = (
			);
			fileSystemSynchronizedGroups = (
				18C75F472D32442B009E4590 /* WeatherStore */,
				5E2760422D3BAEEF00A1C17A /* UI */,
				5EB6EA442D38BE48005705F1 /* ViewControllers */,
				5EB6EA462D38BE8B005705F1 /* Models */,
				5EB6EA472D38BEA4005705F1 /* Managers */,
				5EB6EA582D38F537005705F1 /* NetworkManager */,
				5EB6EAFA2D3A633F005705F1 /* Screens */,
			);
			name = WeatherStore;
			packageProductDependencies = (
				5EB6EAF22D3A6017005705F1 /* CombineMoya */,
				5EB6EAF42D3A6017005705F1 /* Moya */,
				5EB6EAF62D3A6017005705F1 /* ReactiveMoya */,
				5EB6EAF82D3A6017005705F1 /* RxMoya */,
			);
			productName = WeatherStore;
			productReference = 18C75F452D32442B009E4590 /* WeatherStore.app */;
			productType = "com.apple.product-type.application";
		};
/* End PBXNativeTarget section */

/* Begin PBXProject section */
		18C75F3D2D32442B009E4590 /* Project object */ = {
			isa = PBXProject;
			attributes = {
				BuildIndependentTargetsInParallel = 1;
				LastSwiftUpdateCheck = 1610;
				LastUpgradeCheck = 1610;
				TargetAttributes = {
					18C75F442D32442B009E4590 = {
						CreatedOnToolsVersion = 16.1;
					};
				};
			};
			buildConfigurationList = 18C75F402D32442B009E4590 /* Build configuration list for PBXProject "WeatherStore" */;
			developmentRegion = en;
			hasScannedForEncodings = 0;
			knownRegions = (
				en,
				Base,
			);
			mainGroup = 18C75F3C2D32442B009E4590;
			minimizedProjectReferenceProxies = 1;
			packageReferences = (
				5EB6EA542D38E6B1005705F1 /* XCRemoteSwiftPackageReference "Moya" */,
			);
			preferredProjectObjectVersion = 77;
			productRefGroup = 18C75F462D32442B009E4590 /* Products */;
			projectDirPath = "";
			projectRoot = "";
			targets = (
				18C75F442D32442B009E4590 /* WeatherStore */,
			);
		};
/* End PBXProject section */

/* Begin PBXResourcesBuildPhase section */
		18C75F432D32442B009E4590 /* Resources */ = {
			isa = PBXResourcesBuildPhase;
			buildActionMask = 2147483647;
			files = (
			);
			runOnlyForDeploymentPostprocessing = 0;
		};
/* End PBXResourcesBuildPhase section */

/* Begin PBXSourcesBuildPhase section */
		18C75F412D32442B009E4590 /* Sources */ = {
			isa = PBXSourcesBuildPhase;
			buildActionMask = 2147483647;
			files = (
			);
			runOnlyForDeploymentPostprocessing = 0;
		};
/* End PBXSourcesBuildPhase section */

/* Begin XCBuildConfiguration section */
		18C75F592D32442E009E4590 /* Debug */ = {
			isa = XCBuildConfiguration;
			buildSettings = {
				ASSETCATALOG_COMPILER_APPICON_NAME = AppIcon;
				ASSETCATALOG_COMPILER_GLOBAL_ACCENT_COLOR_NAME = AccentColor;
				CODE_SIGN_STYLE = Automatic;
				CURRENT_PROJECT_VERSION = 1;
				DEVELOPMENT_TEAM = 2Y68U3Y99J;
				GENERATE_INFOPLIST_FILE = YES;
				INFOPLIST_FILE = WeatherStore/Info.plist;
				INFOPLIST_KEY_NSLocationAlwaysAndWhenInUseUsageDescription = "вы уверены что хотите чтобы мы знали вашу локацию?";
				INFOPLIST_KEY_NSLocationAlwaysUsageDescription = "вы уверны что хотите разрешить нам доступ к локации?";
				INFOPLIST_KEY_NSLocationWhenInUseUsageDescription = "вы согласны?";
				INFOPLIST_KEY_UIApplicationSupportsIndirectInputEvents = YES;
				INFOPLIST_KEY_UILaunchStoryboardName = LaunchScreen;
				INFOPLIST_KEY_UIMainStoryboardFile = "";
				INFOPLIST_KEY_UISupportedInterfaceOrientations_iPad = "UIInterfaceOrientationPortrait UIInterfaceOrientationPortraitUpsideDown UIInterfaceOrientationLandscapeLeft UIInterfaceOrientationLandscapeRight";
				INFOPLIST_KEY_UISupportedInterfaceOrientations_iPhone = "UIInterfaceOrientationPortrait UIInterfaceOrientationLandscapeLeft UIInterfaceOrientationLandscapeRight";
				LD_RUNPATH_SEARCH_PATHS = (
					"$(inherited)",
					"@executable_path/Frameworks",
				);
				MARKETING_VERSION = 1.0;
				PRODUCT_BUNDLE_IDENTIFIER = "andrey-popov.WeatherStore";
				PRODUCT_NAME = "$(TARGET_NAME)";
				SWIFT_EMIT_LOC_STRINGS = YES;
				SWIFT_VERSION = 5.0;
				TARGETED_DEVICE_FAMILY = "1,2";
			};
			name = Debug;
		};
		18C75F5A2D32442E009E4590 /* Release */ = {
			isa = XCBuildConfiguration;
			buildSettings = {
				ASSETCATALOG_COMPILER_APPICON_NAME = AppIcon;
				ASSETCATALOG_COMPILER_GLOBAL_ACCENT_COLOR_NAME = AccentColor;
				CODE_SIGN_STYLE = Automatic;
				CURRENT_PROJECT_VERSION = 1;
				DEVELOPMENT_TEAM = 2Y68U3Y99J;
				GENERATE_INFOPLIST_FILE = YES;
				INFOPLIST_FILE = WeatherStore/Info.plist;
				INFOPLIST_KEY_NSLocationAlwaysAndWhenInUseUsageDescription = "вы уверены что хотите чтобы мы знали вашу локацию?";
				INFOPLIST_KEY_NSLocationAlwaysUsageDescription = "вы уверны что хотите разрешить нам доступ к локации?";
				INFOPLIST_KEY_NSLocationWhenInUseUsageDescription = "вы согласны?";
				INFOPLIST_KEY_UIApplicationSupportsIndirectInputEvents = YES;
				INFOPLIST_KEY_UILaunchStoryboardName = LaunchScreen;
				INFOPLIST_KEY_UIMainStoryboardFile = "";
				INFOPLIST_KEY_UISupportedInterfaceOrientations_iPad = "UIInterfaceOrientationPortrait UIInterfaceOrientationPortraitUpsideDown UIInterfaceOrientationLandscapeLeft UIInterfaceOrientationLandscapeRight";
				INFOPLIST_KEY_UISupportedInterfaceOrientations_iPhone = "UIInterfaceOrientationPortrait UIInterfaceOrientationLandscapeLeft UIInterfaceOrientationLandscapeRight";
				LD_RUNPATH_SEARCH_PATHS = (
					"$(inherited)",
					"@executable_path/Frameworks",
				);
				MARKETING_VERSION = 1.0;
				PRODUCT_BUNDLE_IDENTIFIER = "andrey-popov.WeatherStore";
				PRODUCT_NAME = "$(TARGET_NAME)";
				SWIFT_EMIT_LOC_STRINGS = YES;
				SWIFT_VERSION = 5.0;
				TARGETED_DEVICE_FAMILY = "1,2";
			};
			name = Release;
		};
		18C75F5B2D32442E009E4590 /* Debug */ = {
			isa = XCBuildConfiguration;
			buildSettings = {
				ALWAYS_SEARCH_USER_PATHS = NO;
				ASSETCATALOG_COMPILER_GENERATE_SWIFT_ASSET_SYMBOL_EXTENSIONS = YES;
				CLANG_ANALYZER_NONNULL = YES;
				CLANG_ANALYZER_NUMBER_OBJECT_CONVERSION = YES_AGGRESSIVE;
				CLANG_CXX_LANGUAGE_STANDARD = "gnu++20";
				CLANG_ENABLE_MODULES = YES;
				CLANG_ENABLE_OBJC_ARC = YES;
				CLANG_ENABLE_OBJC_WEAK = YES;
				CLANG_WARN_BLOCK_CAPTURE_AUTORELEASING = YES;
				CLANG_WARN_BOOL_CONVERSION = YES;
				CLANG_WARN_COMMA = YES;
				CLANG_WARN_CONSTANT_CONVERSION = YES;
				CLANG_WARN_DEPRECATED_OBJC_IMPLEMENTATIONS = YES;
				CLANG_WARN_DIRECT_OBJC_ISA_USAGE = YES_ERROR;
				CLANG_WARN_DOCUMENTATION_COMMENTS = YES;
				CLANG_WARN_EMPTY_BODY = YES;
				CLANG_WARN_ENUM_CONVERSION = YES;
				CLANG_WARN_INFINITE_RECURSION = YES;
				CLANG_WARN_INT_CONVERSION = YES;
				CLANG_WARN_NON_LITERAL_NULL_CONVERSION = YES;
				CLANG_WARN_OBJC_IMPLICIT_RETAIN_SELF = YES;
				CLANG_WARN_OBJC_LITERAL_CONVERSION = YES;
				CLANG_WARN_OBJC_ROOT_CLASS = YES_ERROR;
				CLANG_WARN_QUOTED_INCLUDE_IN_FRAMEWORK_HEADER = YES;
				CLANG_WARN_RANGE_LOOP_ANALYSIS = YES;
				CLANG_WARN_STRICT_PROTOTYPES = YES;
				CLANG_WARN_SUSPICIOUS_MOVE = YES;
				CLANG_WARN_UNGUARDED_AVAILABILITY = YES_AGGRESSIVE;
				CLANG_WARN_UNREACHABLE_CODE = YES;
				CLANG_WARN__DUPLICATE_METHOD_MATCH = YES;
				COPY_PHASE_STRIP = NO;
				DEBUG_INFORMATION_FORMAT = dwarf;
				ENABLE_STRICT_OBJC_MSGSEND = YES;
				ENABLE_TESTABILITY = YES;
				ENABLE_USER_SCRIPT_SANDBOXING = YES;
				GCC_C_LANGUAGE_STANDARD = gnu17;
				GCC_DYNAMIC_NO_PIC = NO;
				GCC_NO_COMMON_BLOCKS = YES;
				GCC_OPTIMIZATION_LEVEL = 0;
				GCC_PREPROCESSOR_DEFINITIONS = (
					"DEBUG=1",
					"$(inherited)",
				);
				GCC_WARN_64_TO_32_BIT_CONVERSION = YES;
				GCC_WARN_ABOUT_RETURN_TYPE = YES_ERROR;
				GCC_WARN_UNDECLARED_SELECTOR = YES;
				GCC_WARN_UNINITIALIZED_AUTOS = YES_AGGRESSIVE;
				GCC_WARN_UNUSED_FUNCTION = YES;
				GCC_WARN_UNUSED_VARIABLE = YES;
				IPHONEOS_DEPLOYMENT_TARGET = 18.1;
				LOCALIZATION_PREFERS_STRING_CATALOGS = YES;
				MTL_ENABLE_DEBUG_INFO = INCLUDE_SOURCE;
				MTL_FAST_MATH = YES;
				ONLY_ACTIVE_ARCH = YES;
				SDKROOT = iphoneos;
				SWIFT_ACTIVE_COMPILATION_CONDITIONS = "DEBUG $(inherited)";
				SWIFT_OPTIMIZATION_LEVEL = "-Onone";
			};
			name = Debug;
		};
		18C75F5C2D32442E009E4590 /* Release */ = {
			isa = XCBuildConfiguration;
			buildSettings = {
				ALWAYS_SEARCH_USER_PATHS = NO;
				ASSETCATALOG_COMPILER_GENERATE_SWIFT_ASSET_SYMBOL_EXTENSIONS = YES;
				CLANG_ANALYZER_NONNULL = YES;
				CLANG_ANALYZER_NUMBER_OBJECT_CONVERSION = YES_AGGRESSIVE;
				CLANG_CXX_LANGUAGE_STANDARD = "gnu++20";
				CLANG_ENABLE_MODULES = YES;
				CLANG_ENABLE_OBJC_ARC = YES;
				CLANG_ENABLE_OBJC_WEAK = YES;
				CLANG_WARN_BLOCK_CAPTURE_AUTORELEASING = YES;
				CLANG_WARN_BOOL_CONVERSION = YES;
				CLANG_WARN_COMMA = YES;
				CLANG_WARN_CONSTANT_CONVERSION = YES;
				CLANG_WARN_DEPRECATED_OBJC_IMPLEMENTATIONS = YES;
				CLANG_WARN_DIRECT_OBJC_ISA_USAGE = YES_ERROR;
				CLANG_WARN_DOCUMENTATION_COMMENTS = YES;
				CLANG_WARN_EMPTY_BODY = YES;
				CLANG_WARN_ENUM_CONVERSION = YES;
				CLANG_WARN_INFINITE_RECURSION = YES;
				CLANG_WARN_INT_CONVERSION = YES;
				CLANG_WARN_NON_LITERAL_NULL_CONVERSION = YES;
				CLANG_WARN_OBJC_IMPLICIT_RETAIN_SELF = YES;
				CLANG_WARN_OBJC_LITERAL_CONVERSION = YES;
				CLANG_WARN_OBJC_ROOT_CLASS = YES_ERROR;
				CLANG_WARN_QUOTED_INCLUDE_IN_FRAMEWORK_HEADER = YES;
				CLANG_WARN_RANGE_LOOP_ANALYSIS = YES;
				CLANG_WARN_STRICT_PROTOTYPES = YES;
				CLANG_WARN_SUSPICIOUS_MOVE = YES;
				CLANG_WARN_UNGUARDED_AVAILABILITY = YES_AGGRESSIVE;
				CLANG_WARN_UNREACHABLE_CODE = YES;
				CLANG_WARN__DUPLICATE_METHOD_MATCH = YES;
				COPY_PHASE_STRIP = NO;
				DEBUG_INFORMATION_FORMAT = "dwarf-with-dsym";
				ENABLE_NS_ASSERTIONS = NO;
				ENABLE_STRICT_OBJC_MSGSEND = YES;
				ENABLE_USER_SCRIPT_SANDBOXING = YES;
				GCC_C_LANGUAGE_STANDARD = gnu17;
				GCC_NO_COMMON_BLOCKS = YES;
				GCC_WARN_64_TO_32_BIT_CONVERSION = YES;
				GCC_WARN_ABOUT_RETURN_TYPE = YES_ERROR;
				GCC_WARN_UNDECLARED_SELECTOR = YES;
				GCC_WARN_UNINITIALIZED_AUTOS = YES_AGGRESSIVE;
				GCC_WARN_UNUSED_FUNCTION = YES;
				GCC_WARN_UNUSED_VARIABLE = YES;
				IPHONEOS_DEPLOYMENT_TARGET = 18.1;
				LOCALIZATION_PREFERS_STRING_CATALOGS = YES;
				MTL_ENABLE_DEBUG_INFO = NO;
				MTL_FAST_MATH = YES;
				SDKROOT = iphoneos;
				SWIFT_COMPILATION_MODE = wholemodule;
				VALIDATE_PRODUCT = YES;
			};
			name = Release;
		};
/* End XCBuildConfiguration section */

/* Begin XCConfigurationList section */
		18C75F402D32442B009E4590 /* Build configuration list for PBXProject "WeatherStore" */ = {
			isa = XCConfigurationList;
			buildConfigurations = (
				18C75F5B2D32442E009E4590 /* Debug */,
				18C75F5C2D32442E009E4590 /* Release */,
			);
			defaultConfigurationIsVisible = 0;
			defaultConfigurationName = Release;
		};
		18C75F582D32442E009E4590 /* Build configuration list for PBXNativeTarget "WeatherStore" */ = {
			isa = XCConfigurationList;
			buildConfigurations = (
				18C75F592D32442E009E4590 /* Debug */,
				18C75F5A2D32442E009E4590 /* Release */,
			);
			defaultConfigurationIsVisible = 0;
			defaultConfigurationName = Release;
		};
/* End XCConfigurationList section */

/* Begin XCRemoteSwiftPackageReference section */
		5EB6EA542D38E6B1005705F1 /* XCRemoteSwiftPackageReference "Moya" */ = {
			isa = XCRemoteSwiftPackageReference;
			repositoryURL = "https://github.com/Moya/Moya";
			requirement = {
				kind = upToNextMajorVersion;
				minimumVersion = 15.0.3;
			};
		};
/* End XCRemoteSwiftPackageReference section */

/* Begin XCSwiftPackageProductDependency section */
		5EB6EAF22D3A6017005705F1 /* CombineMoya */ = {
			isa = XCSwiftPackageProductDependency;
			productName = CombineMoya;
		};
		5EB6EAF42D3A6017005705F1 /* Moya */ = {
			isa = XCSwiftPackageProductDependency;
			productName = Moya;
		};
		5EB6EAF62D3A6017005705F1 /* ReactiveMoya */ = {
			isa = XCSwiftPackageProductDependency;
			productName = ReactiveMoya;
		};
		5EB6EAF82D3A6017005705F1 /* RxMoya */ = {
			isa = XCSwiftPackageProductDependency;
			productName = RxMoya;
		};
/* End XCSwiftPackageProductDependency section */
	};
	rootObject = 18C75F3D2D32442B009E4590 /* Project object */;
}
